# THIS IS AN AUTOGENERATED FILE. DO NOT EDIT THIS FILE DIRECTLY.
# yarn lockfile v1


antlr4@^4.7.1:
  version "4.7.1"
  resolved "https://registry.yarnpkg.com/antlr4/-/antlr4-4.7.1.tgz#69984014f096e9e775f53dd9744bf994d8959773"

is-alphabetical@^1.0.0:
  version "1.0.2"
  resolved "https://registry.yarnpkg.com/is-alphabetical/-/is-alphabetical-1.0.2.tgz#1fa6e49213cb7885b75d15862fb3f3d96c884f41"

is-alphanumerical@^1.0.2:
  version "1.0.2"
  resolved "https://registry.yarnpkg.com/is-alphanumerical/-/is-alphanumerical-1.0.2.tgz#1138e9ae5040158dc6ff76b820acd6b7a181fd40"
  dependencies:
    is-alphabetical "^1.0.0"
    is-decimal "^1.0.0"

is-decimal@^1.0.0:
  version "1.0.2"
  resolved "https://registry.yarnpkg.com/is-decimal/-/is-decimal-1.0.2.tgz#894662d6a8709d307f3a276ca4339c8fa5dff0ff"

lodash@^4.17.10:
  version "4.17.10"
  resolved "https://registry.yarnpkg.com/lodash/-/lodash-4.17.10.tgz#1b7793cf7259ea38fb3661d4d38b3260af8ae4e7"

prettier-csharp@^0.2.1-development:
  version "0.2.1-development"
  resolved "https://registry.yarnpkg.com/prettier-csharp/-/prettier-csharp-0.2.1-development.tgz#d7c96e7300d36c3e6732b9be7e431ebc0403849d"
  dependencies:
    antlr4 "^4.7.1"
    is-alphanumerical "^1.0.2"
    lodash "^4.17.10"
    prettier "^1.13.4"

prettier@1.13.4, prettier@^1.13.4:
  version "1.13.4"
  resolved "https://registry.yarnpkg.com/prettier/-/prettier-1.13.4.tgz#31bbae6990f13b1093187c731766a14036fa72e6"
